*/amd64/generic
*/amd64/generic.modules
*/amd64/preempt
*/amd64/preempt.modules
*/amd64/server
*/amd64/server.modules
*/armel/server
*/armel/server.modules
*/armel/versatile
*/armel/versatile.modules
*/i386/386
*/i386/386.modules
*/i386/generic
*/i386/generic-pae
*/i386/generic-pae.modules
*/i386/generic.modules
*/ia64/ia64
*/ia64/ia64.modules
*/powerpc/powerpc
*/powerpc/powerpc-smp
*/powerpc/powerpc-smp.modules
*/powerpc/powerpc.modules
*/powerpc/powerpc64-smp
*/powerpc/powerpc64-smp.modules
*/sparc/sparc64
*/sparc/sparc64-smp
*/sparc/sparc64-smp.modules
*/sparc/sparc64.modules
